
Microsoft Visual Studio Solution File, Format Version 12.00
# Visual Studio Version 17
VisualStudioVersion = 17.10.35013.160
MinimumVisualStudioVersion = 10.0.40219.1
Project("{8BC9CEB8-8B4A-11D0-8D11-00A0C91BC942}") = "PeReaderLib", "PeReaderLib\PeReaderLib.vcxproj", "{19DE8F1C-8C92-4D8C-A0D8-BA3A2E981FFD}"
EndProject
Project("{8BC9CEB8-8B4A-11D0-8D11-00A0C91BC942}") = "PeReaderTests", "PeReaderTests\PeReaderTests.vcxproj", "{FF2E7749-066C-4D1F-91B4-B390E78BCD02}"
EndProject
Global
	GlobalSection(SolutionConfigurationPlatforms) = preSolution
		Debug|x64 = Debug|x64
		Debug|x86 = Debug|x86
		Release|x64 = Release|x64
		Release|x86 = Release|x86
	EndGlobalSection
	GlobalSection(ProjectConfigurationPlatforms) = postSolution
		{19DE8F1C-8C92-4D8C-A0D8-BA3A2E981FFD}.Debug|x64.ActiveCfg = Debug|x64
		{19DE8F1C-8C92-4D8C-A0D8-BA3A2E981FFD}.Debug|x64.Build.0 = Debug|x64
		{19DE8F1C-8C92-4D8C-A0D8-BA3A2E981FFD}.Debug|x86.ActiveCfg = Debug|Win32
		{19DE8F1C-8C92-4D8C-A0D8-BA3A2E981FFD}.Debug|x86.Build.0 = Debug|Win32
		{19DE8F1C-8C92-4D8C-A0D8-BA3A2E981FFD}.Release|x64.ActiveCfg = Release|x64
		{19DE8F1C-8C92-4D8C-A0D8-BA3A2E981FFD}.Release|x64.Build.0 = Release|x64
		{19DE8F1C-8C92-4D8C-A0D8-BA3A2E981FFD}.Release|x86.ActiveCfg = Release|Win32
		{19DE8F1C-8C92-4D8C-A0D8-BA3A2E981FFD}.Release|x86.Build.0 = Release|Win32
		{FF2E7749-066C-4D1F-91B4-B390E78BCD02}.Debug|x64.ActiveCfg = Debug|x64
		{FF2E7749-066C-4D1F-91B4-B390E78BCD02}.Debug|x64.Build.0 = Debug|x64
		{FF2E7749-066C-4D1F-91B4-B390E78BCD02}.Debug|x86.ActiveCfg = Debug|Win32
		{FF2E7749-066C-4D1F-91B4-B390E78BCD02}.Debug|x86.Build.0 = Debug|Win32
		{FF2E7749-066C-4D1F-91B4-B390E78BCD02}.Release|x64.ActiveCfg = Release|x64
		{FF2E7749-066C-4D1F-91B4-B390E78BCD02}.Release|x64.Build.0 = Release|x64
		{FF2E7749-066C-4D1F-91B4-B390E78BCD02}.Release|x86.ActiveCfg = Release|Win32
		{FF2E7749-066C-4D1F-91B4-B390E78BCD02}.Release|x86.Build.0 = Release|Win32
	EndGlobalSection
	GlobalSection(SolutionProperties) = preSolution
		HideSolutionNode = FALSE
	EndGlobalSection
	GlobalSection(ExtensibilityGlobals) = postSolution
		SolutionGuid = {9615E9E7-ADD8-4E4C-97FF-84E55C51C20A}
	EndGlobalSection
EndGlobal
